{
  "name": "spec-template",
  "version": "0.0.1",
  "lockfileVersion": 1,
  "requires": true,
  "dependencies": {
    "@furo/spec-basetypes": {
      "version": "1.3.0",
      "resolved": "https://registry.npmjs.org/@furo/spec-basetypes/-/spec-basetypes-1.3.0.tgz",
      "integrity": "sha512-nD4a9hB2m2nEekHP/IPtR/l9qhQu+H9EDfHqUB1ocL8ZfS7AWH7G3M/eN7Rlalr8hxhKiBGLxwrwV8Pnf9CufA=="
    },
    "@furo/specs": {
      "version": "1.4.0",
      "resolved": "https://registry.npmjs.org/@furo/specs/-/specs-1.4.0.tgz",
      "integrity": "sha512-dovW/gNR4NZguk6ds/rKn+TMx7NtFnuv+CG2DiaqnX3BWNwlHcUm3QTtLofjeb218J75Vh+EFrKmLOv66A9NRg=="
    }
  }
}
