{
  "name": "spec-template",
  "version": "0.0.1",
  "lockfileVersion": 1,
  "requires": true,
  "dependencies": {
    "@furo/spec-basetypes": {
      "version": "0.1.0",
      "resolved": "https://registry.npmjs.org/@furo/spec-basetypes/-/spec-basetypes-0.1.0.tgz",
      "integrity": "sha512-A5FYQ92IUXwZQVGmK97Lq9hhNL3Q0BlUH+OK7HltDkgVhN1jPg4GbllwD821/Zdz36wo177zevY9UmgB4T7h7Q=="
    }
  }
}
