{
  "name": "spec-template",
  "version": "0.0.1",
  "lockfileVersion": 1,
  "requires": true,
  "dependencies": {
    "@furo/spec-basetypes": {
      "version": "1.2.3",
      "resolved": "https://registry.npmjs.org/@furo/spec-basetypes/-/spec-basetypes-1.2.3.tgz",
      "integrity": "sha512-Ps+oxVK3X8dQh5UFIKuFePy3MZ3zQxR499ISOQfurOX7wowSB6Z3D+ctkutgHh4SbzG9Sv5eWD8WuVte0LcJkQ=="
    },
    "@furo/specs": {
      "version": "1.2.3",
      "resolved": "https://registry.npmjs.org/@furo/specs/-/specs-1.2.3.tgz",
      "integrity": "sha512-DwjIkkSXVnW1Rb1ivYyYPDGyuACinWVxe1IGrVJ/WgpBP/cdsc04OZL96NVrDvbgDkg3MX/cKAycU91sj7nbRw=="
    }
  }
}
